
Microsoft Visual Studio Solution File, Format Version 12.00
# Visual Studio 2015
Project("{FAE04EC0-301F-11D3-BF4B-00C04F79EFBC}") = "CSSE 333 MO.CSharp.Plugins", "CSSE 333 MO.CSharp.Plugins.csproj", "{49BAF061-D4AA-39C2-6A5A-1D6FAE08E61A}"
EndProject
Project("{FAE04EC0-301F-11D3-BF4B-00C04F79EFBC}") = "CSSE 333 MO.CSharp", "CSSE 333 MO.CSharp.csproj", "{D3D641F5-74F5-3F74-626A-33180EF196DC}"
EndProject
Project("{FAE04EC0-301F-11D3-BF4B-00C04F79EFBC}") = "CSSE 333 MO.CSharp.Editor", "CSSE 333 MO.CSharp.Editor.csproj", "{42A338B5-D00C-F379-DDE2-D975FDC50E07}"
EndProject
Global
	GlobalSection(SolutionConfigurationPlatforms) = preSolution
		Debug|Any CPU = Debug|Any CPU
		Release|Any CPU = Release|Any CPU
	EndGlobalSection
	GlobalSection(ProjectConfigurationPlatforms) = postSolution
		{49BAF061-D4AA-39C2-6A5A-1D6FAE08E61A}.Debug|Any CPU.ActiveCfg = Debug|Any CPU
		{49BAF061-D4AA-39C2-6A5A-1D6FAE08E61A}.Debug|Any CPU.Build.0 = Debug|Any CPU
		{49BAF061-D4AA-39C2-6A5A-1D6FAE08E61A}.Release|Any CPU.ActiveCfg = Release|Any CPU
		{49BAF061-D4AA-39C2-6A5A-1D6FAE08E61A}.Release|Any CPU.Build.0 = Release|Any CPU
		{D3D641F5-74F5-3F74-626A-33180EF196DC}.Debug|Any CPU.ActiveCfg = Debug|Any CPU
		{D3D641F5-74F5-3F74-626A-33180EF196DC}.Debug|Any CPU.Build.0 = Debug|Any CPU
		{D3D641F5-74F5-3F74-626A-33180EF196DC}.Release|Any CPU.ActiveCfg = Release|Any CPU
		{D3D641F5-74F5-3F74-626A-33180EF196DC}.Release|Any CPU.Build.0 = Release|Any CPU
		{42A338B5-D00C-F379-DDE2-D975FDC50E07}.Debug|Any CPU.ActiveCfg = Debug|Any CPU
		{42A338B5-D00C-F379-DDE2-D975FDC50E07}.Debug|Any CPU.Build.0 = Debug|Any CPU
		{42A338B5-D00C-F379-DDE2-D975FDC50E07}.Release|Any CPU.ActiveCfg = Release|Any CPU
		{42A338B5-D00C-F379-DDE2-D975FDC50E07}.Release|Any CPU.Build.0 = Release|Any CPU
	EndGlobalSection
	GlobalSection(SolutionProperties) = preSolution
		HideSolutionNode = FALSE
	EndGlobalSection
EndGlobal
